// !$*UTF8*$!
{
	archiveVersion = 1;
	classes = {
	};
	objectVersion = 50;
	objects = {

/* Begin PBXBuildFile section */
		2F81E61724B438E500289EF6 /* AppDelegate.swift in Sources */ = {isa = PBXBuildFile; fileRef = 2F81E61624B438E500289EF6 /* AppDelegate.swift */; };
		2F81E61924B438E500289EF6 /* SceneDelegate.swift in Sources */ = {isa = PBXBuildFile; fileRef = 2F81E61824B438E500289EF6 /* SceneDelegate.swift */; };
		2F81E61B24B438E500289EF6 /* ViewController.swift in Sources */ = {isa = PBXBuildFile; fileRef = 2F81E61A24B438E500289EF6 /* ViewController.swift */; };
		2F81E61E24B438E500289EF6 /* Main.storyboard in Resources */ = {isa = PBXBuildFile; fileRef = 2F81E61C24B438E500289EF6 /* Main.storyboard */; };
		2F81E62024B438EA00289EF6 /* Assets.xcassets in Resources */ = {isa = PBXBuildFile; fileRef = 2F81E61F24B438EA00289EF6 /* Assets.xcassets */; };
		2F81E62324B438EA00289EF6 /* LaunchScreen.storyboard in Resources */ = {isa = PBXBuildFile; fileRef = 2F81E62124B438EA00289EF6 /* LaunchScreen.storyboard */; };
		2F81E62E24B43E4300289EF6 /* SpotLightNode.swift in Sources */ = {isa = PBXBuildFile; fileRef = 2F81E62D24B43E4300289EF6 /* SpotLightNode.swift */; };
		2F81E63624B57CC900289EF6 /* FootModel.mlmodel in Sources */ = {isa = PBXBuildFile; fileRef = 2F81E63524B57CC900289EF6 /* FootModel.mlmodel */; };
		2F81E63824B57FDE00289EF6 /* FootDetector.swift in Sources */ = {isa = PBXBuildFile; fileRef = 2F81E63724B57FDE00289EF6 /* FootDetector.swift */; };
/* End PBXBuildFile section */

/* Begin PBXFileReference section */
		2F81E61324B438E500289EF6 /* FootTracking.app */ = {isa = PBXFileReference; explicitFileType = wrapper.application; includeInIndex = 0; path = FootTracking.app; sourceTree = BUILT_PRODUCTS_DIR; };
		2F81E61624B438E500289EF6 /* AppDelegate.swift */ = {isa = PBXFileReference; lastKnownFileType = sourcecode.swift; path = AppDelegate.swift; sourceTree = "<group>"; };
		2F81E61824B438E500289EF6 /* SceneDelegate.swift */ = {isa = PBXFileReference; lastKnownFileType = sourcecode.swift; path = SceneDelegate.swift; sourceTree = "<group>"; };
		2F81E61A24B438E500289EF6 /* ViewController.swift */ = {isa = PBXFileReference; lastKnownFileType = sourcecode.swift; path = ViewController.swift; sourceTree = "<group>"; };
		2F81E61D24B438E500289EF6 /* Base */ = {isa = PBXFileReference; lastKnownFileType = file.storyboard; name = Base; path = Base.lproj/Main.storyboard; sourceTree = "<group>"; };
		2F81E61F24B438EA00289EF6 /* Assets.xcassets */ = {isa = PBXFileReference; lastKnownFileType = folder.assetcatalog; path = Assets.xcassets; sourceTree = "<group>"; };
		2F81E62224B438EA00289EF6 /* Base */ = {isa = PBXFileReference; lastKnownFileType = file.storyboard; name = Base; path = Base.lproj/LaunchScreen.storyboard; sourceTree = "<group>"; };
		2F81E62424B438EA00289EF6 /* Info.plist */ = {isa = PBXFileReference; lastKnownFileType = text.plist.xml; path = Info.plist; sourceTree = "<group>"; };
		2F81E62D24B43E4300289EF6 /* SpotLightNode.swift */ = {isa = PBXFileReference; lastKnownFileType = sourcecode.swift; path = SpotLightNode.swift; sourceTree = "<group>"; };
		2F81E63524B57CC900289EF6 /* FootModel.mlmodel */ = {isa = PBXFileReference; lastKnownFileType = file.mlmodel; path = FootModel.mlmodel; sourceTree = "<group>"; };
		2F81E63724B57FDE00289EF6 /* FootDetector.swift */ = {isa = PBXFileReference; lastKnownFileType = sourcecode.swift; path = FootDetector.swift; sourceTree = "<group>"; };
/* End PBXFileReference section */

/* Begin PBXFrameworksBuildPhase section */
		2F81E61024B438E500289EF6 /* Frameworks */ = {
			isa = PBXFrameworksBuildPhase;
			buildActionMask = 2147483647;
			files = (
			);
			runOnlyForDeploymentPostprocessing = 0;
		};
/* End PBXFrameworksBuildPhase section */

/* Begin PBXGroup section */
		2F81E60A24B438E500289EF6 = {
			isa = PBXGroup;
			children = (
				2F81E61524B438E500289EF6 /* FootTracking */,
				2F81E61424B438E500289EF6 /* Products */,
			);
			sourceTree = "<group>";
		};
		2F81E61424B438E500289EF6 /* Products */ = {
			isa = PBXGroup;
			children = (
				2F81E61324B438E500289EF6 /* FootTracking.app */,
			);
			name = Products;
			sourceTree = "<group>";
		};
		2F81E61524B438E500289EF6 /* FootTracking */ = {
			isa = PBXGroup;
			children = (
				2F81E62A24B43A8100289EF6 /* CoreML */,
				2F81E61624B438E500289EF6 /* AppDelegate.swift */,
				2F81E61824B438E500289EF6 /* SceneDelegate.swift */,
				2F81E61A24B438E500289EF6 /* ViewController.swift */,
				2F81E63724B57FDE00289EF6 /* FootDetector.swift */,
				2F81E62D24B43E4300289EF6 /* SpotLightNode.swift */,
				2F81E61C24B438E500289EF6 /* Main.storyboard */,
				2F81E61F24B438EA00289EF6 /* Assets.xcassets */,
				2F81E62124B438EA00289EF6 /* LaunchScreen.storyboard */,
				2F81E62424B438EA00289EF6 /* Info.plist */,
			);
			path = FootTracking;
			sourceTree = "<group>";
		};
		2F81E62A24B43A8100289EF6 /* CoreML */ = {
			isa = PBXGroup;
			children = (
				2F81E63524B57CC900289EF6 /* FootModel.mlmodel */,
			);
			path = CoreML;
			sourceTree = "<group>";
		};
/* End PBXGroup section */

/* Begin PBXNativeTarget section */
		2F81E61224B438E500289EF6 /* FootTracking */ = {
			isa = PBXNativeTarget;
			buildConfigurationList = 2F81E62724B438EA00289EF6 /* Build configuration list for PBXNativeTarget "FootTracking" */;
			buildPhases = (
				2F81E60F24B438E500289EF6 /* Sources */,
				2F81E61024B438E500289EF6 /* Frameworks */,
				2F81E61124B438E500289EF6 /* Resources */,
			);
			buildRules = (
			);
			dependencies = (
			);
			name = FootTracking;
			productName = FootTracking;
			productReference = 2F81E61324B438E500289EF6 /* FootTracking.app */;
			productType = "com.apple.product-type.application";
		};
/* End PBXNativeTarget section */

/* Begin PBXProject section */
		2F81E60B24B438E500289EF6 /* Project object */ = {
			isa = PBXProject;
			attributes = {
				LastSwiftUpdateCheck = 1150;
				LastUpgradeCheck = 1150;
				ORGANIZATIONNAME = Minestrone;
				TargetAttributes = {
					2F81E61224B438E500289EF6 = {
						CreatedOnToolsVersion = 11.5;
					};
				};
			};
			buildConfigurationList = 2F81E60E24B438E500289EF6 /* Build configuration list for PBXProject "FootTracking" */;
			compatibilityVersion = "Xcode 9.3";
			developmentRegion = en;
			hasScannedForEncodings = 0;
			knownRegions = (
				en,
				Base,
			);
			mainGroup = 2F81E60A24B438E500289EF6;
			productRefGroup = 2F81E61424B438E500289EF6 /* Products */;
			projectDirPath = "";
			projectRoot = "";
			targets = (
				2F81E61224B438E500289EF6 /* FootTracking */,
			);
		};
/* End PBXProject section */

/* Begin PBXResourcesBuildPhase section */
		2F81E61124B438E500289EF6 /* Resources */ = {
			isa = PBXResourcesBuildPhase;
			buildActionMask = 2147483647;
			files = (
				2F81E62324B438EA00289EF6 /* LaunchScreen.storyboard in Resources */,
				2F81E62024B438EA00289EF6 /* Assets.xcassets in Resources */,
				2F81E61E24B438E500289EF6 /* Main.storyboard in Resources */,
			);
			runOnlyForDeploymentPostprocessing = 0;
		};
/* End PBXResourcesBuildPhase section */

/* Begin PBXSourcesBuildPhase section */
		2F81E60F24B438E500289EF6 /* Sources */ = {
			isa = PBXSourcesBuildPhase;
			buildActionMask = 2147483647;
			files = (
				2F81E61B24B438E500289EF6 /* ViewController.swift in Sources */,
				2F81E63824B57FDE00289EF6 /* FootDetector.swift in Sources */,
				2F81E61724B438E500289EF6 /* AppDelegate.swift in Sources */,
				2F81E62E24B43E4300289EF6 /* SpotLightNode.swift in Sources */,
				2F81E61924B438E500289EF6 /* SceneDelegate.swift in Sources */,
				2F81E63624B57CC900289EF6 /* FootModel.mlmodel in Sources */,
			);
			runOnlyForDeploymentPostprocessing = 0;
		};
/* End PBXSourcesBuildPhase section */

/* Begin PBXVariantGroup section */
		2F81E61C24B438E500289EF6 /* Main.storyboard */ = {
			isa = PBXVariantGroup;
			children = (
				2F81E61D24B438E500289EF6 /* Base */,
			);
			name = Main.storyboard;
			sourceTree = "<group>";
		};
		2F81E62124B438EA00289EF6 /* LaunchScreen.storyboard */ = {
			isa = PBXVariantGroup;
			children = (
				2F81E62224B438EA00289EF6 /* Base */,
			);
			name = LaunchScreen.storyboard;
			sourceTree = "<group>";
		};
/* End PBXVariantGroup section */

/* Begin XCBuildConfiguration section */
		2F81E62524B438EA00289EF6 /* Debug */ = {
			isa = XCBuildConfiguration;
			buildSettings = {
				ALWAYS_SEARCH_USER_PATHS = NO;
				CLANG_ANALYZER_NONNULL = YES;
				CLANG_ANALYZER_NUMBER_OBJECT_CONVERSION = YES_AGGRESSIVE;
				CLANG_CXX_LANGUAGE_STANDARD = "gnu++14";
				CLANG_CXX_LIBRARY = "libc++";
				CLANG_ENABLE_MODULES = YES;
				CLANG_ENABLE_OBJC_ARC = YES;
				CLANG_ENABLE_OBJC_WEAK = YES;
				CLANG_WARN_BLOCK_CAPTURE_AUTORELEASING = YES;
				CLANG_WARN_BOOL_CONVERSION = YES;
				CLANG_WARN_COMMA = YES;
				CLANG_WARN_CONSTANT_CONVERSION = YES;
				CLANG_WARN_DEPRECATED_OBJC_IMPLEMENTATIONS = YES;
				CLANG_WARN_DIRECT_OBJC_ISA_USAGE = YES_ERROR;
				CLANG_WARN_DOCUMENTATION_COMMENTS = YES;
				CLANG_WARN_EMPTY_BODY = YES;
				CLANG_WARN_ENUM_CONVERSION = YES;
				CLANG_WARN_INFINITE_RECURSION = YES;
				CLANG_WARN_INT_CONVERSION = YES;
				CLANG_WARN_NON_LITERAL_NULL_CONVERSION = YES;
				CLANG_WARN_OBJC_IMPLICIT_RETAIN_SELF = YES;
				CLANG_WARN_OBJC_LITERAL_CONVERSION = YES;
				CLANG_WARN_OBJC_ROOT_CLASS = YES_ERROR;
				CLANG_WARN_RANGE_LOOP_ANALYSIS = YES;
				CLANG_WARN_STRICT_PROTOTYPES = YES;
				CLANG_WARN_SUSPICIOUS_MOVE = YES;
				CLANG_WARN_UNGUARDED_AVAILABILITY = YES_AGGRESSIVE;
				CLANG_WARN_UNREACHABLE_CODE = YES;
				CLANG_WARN__DUPLICATE_METHOD_MATCH = YES;
				COPY_PHASE_STRIP = NO;
				DEBUG_INFORMATION_FORMAT = dwarf;
				ENABLE_STRICT_OBJC_MSGSEND = YES;
				ENABLE_TESTABILITY = YES;
				GCC_C_LANGUAGE_STANDARD = gnu11;
				GCC_DYNAMIC_NO_PIC = NO;
				GCC_NO_COMMON_BLOCKS = YES;
				GCC_OPTIMIZATION_LEVEL = 0;
				GCC_PREPROCESSOR_DEFINITIONS = (
					"DEBUG=1",
					"$(inherited)",
				);
				GCC_WARN_64_TO_32_BIT_CONVERSION = YES;
				GCC_WARN_ABOUT_RETURN_TYPE = YES_ERROR;
				GCC_WARN_UNDECLARED_SELECTOR = YES;
				GCC_WARN_UNINITIALIZED_AUTOS = YES_AGGRESSIVE;
				GCC_WARN_UNUSED_FUNCTION = YES;
				GCC_WARN_UNUSED_VARIABLE = YES;
				IPHONEOS_DEPLOYMENT_TARGET = 13.5;
				MTL_ENABLE_DEBUG_INFO = INCLUDE_SOURCE;
				MTL_FAST_MATH = YES;
				ONLY_ACTIVE_ARCH = YES;
				SDKROOT = iphoneos;
				SWIFT_ACTIVE_COMPILATION_CONDITIONS = DEBUG;
				SWIFT_OPTIMIZATION_LEVEL = "-Onone";
			};
			name = Debug;
		};
		2F81E62624B438EA00289EF6 /* Release */ = {
			isa = XCBuildConfiguration;
			buildSettings = {
				ALWAYS_SEARCH_USER_PATHS = NO;
				CLANG_ANALYZER_NONNULL = YES;
				CLANG_ANALYZER_NUMBER_OBJECT_CONVERSION = YES_AGGRESSIVE;
				CLANG_CXX_LANGUAGE_STANDARD = "gnu++14";
				CLANG_CXX_LIBRARY = "libc++";
				CLANG_ENABLE_MODULES = YES;
				CLANG_ENABLE_OBJC_ARC = YES;
				CLANG_ENABLE_OBJC_WEAK = YES;
				CLANG_WARN_BLOCK_CAPTURE_AUTORELEASING = YES;
				CLANG_WARN_BOOL_CONVERSION = YES;
				CLANG_WARN_COMMA = YES;
				CLANG_WARN_CONSTANT_CONVERSION = YES;
				CLANG_WARN_DEPRECATED_OBJC_IMPLEMENTATIONS = YES;
				CLANG_WARN_DIRECT_OBJC_ISA_USAGE = YES_ERROR;
				CLANG_WARN_DOCUMENTATION_COMMENTS = YES;
				CLANG_WARN_EMPTY_BODY = YES;
				CLANG_WARN_ENUM_CONVERSION = YES;
				CLANG_WARN_INFINITE_RECURSION = YES;
				CLANG_WARN_INT_CONVERSION = YES;
				CLANG_WARN_NON_LITERAL_NULL_CONVERSION = YES;
				CLANG_WARN_OBJC_IMPLICIT_RETAIN_SELF = YES;
				CLANG_WARN_OBJC_LITERAL_CONVERSION = YES;
				CLANG_WARN_OBJC_ROOT_CLASS = YES_ERROR;
				CLANG_WARN_RANGE_LOOP_ANALYSIS = YES;
				CLANG_WARN_STRICT_PROTOTYPES = YES;
				CLANG_WARN_SUSPICIOUS_MOVE = YES;
				CLANG_WARN_UNGUARDED_AVAILABILITY = YES_AGGRESSIVE;
				CLANG_WARN_UNREACHABLE_CODE = YES;
				CLANG_WARN__DUPLICATE_METHOD_MATCH = YES;
				COPY_PHASE_STRIP = NO;
				DEBUG_INFORMATION_FORMAT = "dwarf-with-dsym";
				ENABLE_NS_ASSERTIONS = NO;
				ENABLE_STRICT_OBJC_MSGSEND = YES;
				GCC_C_LANGUAGE_STANDARD = gnu11;
				GCC_NO_COMMON_BLOCKS = YES;
				GCC_WARN_64_TO_32_BIT_CONVERSION = YES;
				GCC_WARN_ABOUT_RETURN_TYPE = YES_ERROR;
				GCC_WARN_UNDECLARED_SELECTOR = YES;
				GCC_WARN_UNINITIALIZED_AUTOS = YES_AGGRESSIVE;
				GCC_WARN_UNUSED_FUNCTION = YES;
				GCC_WARN_UNUSED_VARIABLE = YES;
				IPHONEOS_DEPLOYMENT_TARGET = 13.5;
				MTL_ENABLE_DEBUG_INFO = NO;
				MTL_FAST_MATH = YES;
				SDKROOT = iphoneos;
				SWIFT_COMPILATION_MODE = wholemodule;
				SWIFT_OPTIMIZATION_LEVEL = "-O";
				VALIDATE_PRODUCT = YES;
			};
			name = Release;
		};
		2F81E62824B438EA00289EF6 /* Debug */ = {
			isa = XCBuildConfiguration;
			buildSettings = {
				ASSETCATALOG_COMPILER_APPICON_NAME = AppIcon;
				CODE_SIGN_STYLE = Automatic;
				DEVELOPMENT_TEAM = BZSC89933R;
				INFOPLIST_FILE = FootTracking/Info.plist;
				LD_RUNPATH_SEARCH_PATHS = (
					"$(inherited)",
					"@executable_path/Frameworks",
				);
				PRODUCT_BUNDLE_IDENTIFIER = com.minestrone.FootTracking;
				PRODUCT_NAME = "$(TARGET_NAME)";
				SWIFT_VERSION = 5.0;
				TARGETED_DEVICE_FAMILY = "1,2";
			};
			name = Debug;
		};
		2F81E62924B438EA00289EF6 /* Release */ = {
			isa = XCBuildConfiguration;
			buildSettings = {
				ASSETCATALOG_COMPILER_APPICON_NAME = AppIcon;
				CODE_SIGN_STYLE = Automatic;
				DEVELOPMENT_TEAM = BZSC89933R;
				INFOPLIST_FILE = FootTracking/Info.plist;
				LD_RUNPATH_SEARCH_PATHS = (
					"$(inherited)",
					"@executable_path/Frameworks",
				);
				PRODUCT_BUNDLE_IDENTIFIER = com.minestrone.FootTracking;
				PRODUCT_NAME = "$(TARGET_NAME)";
				SWIFT_VERSION = 5.0;
				TARGETED_DEVICE_FAMILY = "1,2";
			};
			name = Release;
		};
/* End XCBuildConfiguration section */

/* Begin XCConfigurationList section */
		2F81E60E24B438E500289EF6 /* Build configuration list for PBXProject "FootTracking" */ = {
			isa = XCConfigurationList;
			buildConfigurations = (
				2F81E62524B438EA00289EF6 /* Debug */,
				2F81E62624B438EA00289EF6 /* Release */,
			);
			defaultConfigurationIsVisible = 0;
			defaultConfigurationName = Release;
		};
		2F81E62724B438EA00289EF6 /* Build configuration list for PBXNativeTarget "FootTracking" */ = {
			isa = XCConfigurationList;
			buildConfigurations = (
				2F81E62824B438EA00289EF6 /* Debug */,
				2F81E62924B438EA00289EF6 /* Release */,
			);
			defaultConfigurationIsVisible = 0;
			defaultConfigurationName = Release;
		};
/* End XCConfigurationList section */
	};
	rootObject = 2F81E60B24B438E500289EF6 /* Project object */;
}
